
Microsoft Visual Studio Solution File, Format Version 12.00
# Visual Studio 15
Project("{FAE04EC0-301F-11D3-BF4B-00C04F79EFBC}") = "VentasXF.Common", "VentasXF.Common\VentasXF.Common.csproj", "{9BAB93DF-5870-42BD-9C55-956D988CED4C}"
EndProject
Project("{FAE04EC0-301F-11D3-BF4B-00C04F79EFBC}") = "VentasXF.Web", "VentasXF.Web\VentasXF.Web.csproj", "{0D8DDA58-008B-45CA-8453-26A129A6F535}"
EndProject
Global
	GlobalSection(SolutionConfigurationPlatforms) = preSolution
		Debug|Any CPU = Debug|Any CPU
		Release|Any CPU = Release|Any CPU
	EndGlobalSection
	GlobalSection(ProjectConfigurationPlatforms) = postSolution
		{9BAB93DF-5870-42BD-9C55-956D988CED4C}.Debug|Any CPU.ActiveCfg = Debug|Any CPU
		{9BAB93DF-5870-42BD-9C55-956D988CED4C}.Debug|Any CPU.Build.0 = Debug|Any CPU
		{9BAB93DF-5870-42BD-9C55-956D988CED4C}.Release|Any CPU.ActiveCfg = Release|Any CPU
		{9BAB93DF-5870-42BD-9C55-956D988CED4C}.Release|Any CPU.Build.0 = Release|Any CPU
		{0D8DDA58-008B-45CA-8453-26A129A6F535}.Debug|Any CPU.ActiveCfg = Debug|Any CPU
		{0D8DDA58-008B-45CA-8453-26A129A6F535}.Debug|Any CPU.Build.0 = Debug|Any CPU
		{0D8DDA58-008B-45CA-8453-26A129A6F535}.Release|Any CPU.ActiveCfg = Release|Any CPU
		{0D8DDA58-008B-45CA-8453-26A129A6F535}.Release|Any CPU.Build.0 = Release|Any CPU
	EndGlobalSection
EndGlobal
